{
 
  "name": "10_Publish_NPMPackage",
 
  "lockfileVersion": 3,
 
  "requires": true,
 
  "packages": {
 
   
  "": {
 
   
   
  "dependencies": {
 
   
   
   
  "sanwwar": "^1.0.1"
 
   
   
  }
 
   
  },
 
   
  "node_modules/sanwwar": {
 
   
   
  "version": "1.0.1",
 
   
   
  "resolved": "https://registry.npmjs.org/sanwwar/-/sanwwar-1.0.1.tgz",
 
   
   
  "integrity": "sha512-rExUcgbzLGS1i3fS/B7kDjzYWYyJH1RX6BQBFz1tVi7ptKhzW/G+j9QvCbtjHwL/xtljymdzTi73jB4OvvrqwQ=="
 
   
  }
 
  }
}
